
Microsoft Visual Studio Solution File, Format Version 12.00
# Visual Studio Version 16
VisualStudioVersion = 16.0.29926.136
MinimumVisualStudioVersion = 10.0.40219.1
Project("{8BC9CEB8-8B4A-11D0-8D11-00A0C91BC942}") = "filtre_derivation", "filtre_derivation\filtre_derivation.vcxproj", "{2D91D8E3-C8A4-4057-8B55-FE829AD1B229}"
EndProject
Global
	GlobalSection(SolutionConfigurationPlatforms) = preSolution
		Debug|x64 = Debug|x64
		Debug|x86 = Debug|x86
		Release|x64 = Release|x64
		Release|x86 = Release|x86
	EndGlobalSection
	GlobalSection(ProjectConfigurationPlatforms) = postSolution
		{2D91D8E3-C8A4-4057-8B55-FE829AD1B229}.Debug|x64.ActiveCfg = Debug|x64
		{2D91D8E3-C8A4-4057-8B55-FE829AD1B229}.Debug|x64.Build.0 = Debug|x64
		{2D91D8E3-C8A4-4057-8B55-FE829AD1B229}.Debug|x86.ActiveCfg = Debug|Win32
		{2D91D8E3-C8A4-4057-8B55-FE829AD1B229}.Debug|x86.Build.0 = Debug|Win32
		{2D91D8E3-C8A4-4057-8B55-FE829AD1B229}.Release|x64.ActiveCfg = Release|x64
		{2D91D8E3-C8A4-4057-8B55-FE829AD1B229}.Release|x64.Build.0 = Release|x64
		{2D91D8E3-C8A4-4057-8B55-FE829AD1B229}.Release|x86.ActiveCfg = Release|Win32
		{2D91D8E3-C8A4-4057-8B55-FE829AD1B229}.Release|x86.Build.0 = Release|Win32
	EndGlobalSection
	GlobalSection(SolutionProperties) = preSolution
		HideSolutionNode = FALSE
	EndGlobalSection
	GlobalSection(ExtensibilityGlobals) = postSolution
		SolutionGuid = {CE869F7A-C4C3-4E1D-B08E-4065EC214912}
	EndGlobalSection
EndGlobal
